// !$*UTF8*$!
{
	archiveVersion = 1;
	classes = {
	};
	objectVersion = 56;
	objects = {

/* Begin PBXBuildFile section */
		1317B3542FB2188C006D8416 /* AtlasApp.swift in Sources */ = {isa = PBXBuildFile; fileRef = 1317B3532FB2188C006D8416 /* AtlasApp.swift */; };
		1317B3562FB2188C006D8416 /* ContentView.swift in Sources */ = {isa = PBXBuildFile; fileRef = 1317B3552FB2188C006D8416 /* ContentView.swift */; };
		1317B3582FB21895006D8416 /* Assets.xcassets in Resources */ = {isa = PBXBuildFile; fileRef = 1317B3572FB21895006D8416 /* Assets.xcassets */; };
		1317B35B2FB21895006D8416 /* Preview Assets.xcassets in Resources */ = {isa = PBXBuildFile; fileRef = 1317B35A2FB21895006D8416 /* Preview Assets.xcassets */; };
		1317B3632FB218A9006D8416 /* LiquidGlassBackground.swift in Sources */ = {isa = PBXBuildFile; fileRef = 1317B3622FB218A9006D8416 /* LiquidGlassBackground.swift */; };
		1317B3672FB218CC006D8416 /* ArgoClient.swift in Sources */ = {isa = PBXBuildFile; fileRef = 1317B3652FB218CC006D8416 /* ArgoClient.swift */; };
		1317B3682FB218CC006D8416 /* Models.swift in Sources */ = {isa = PBXBuildFile; fileRef = 1317B3662FB218CC006D8416 /* Models.swift */; };
		1317B36D2FB21D97006D8416 /* ArgoClient+Persistence.swift in Sources */ = {isa = PBXBuildFile; fileRef = 1317B3692FB21D95006D8416 /* ArgoClient+Persistence.swift */; };
		1317B36E2FB21D97006D8416 /* ArgoClient+Network.swift in Sources */ = {isa = PBXBuildFile; fileRef = 1317B36A2FB21D96006D8416 /* ArgoClient+Network.swift */; };
		1317B36F2FB21D97006D8416 /* ArgoSupport.swift in Sources */ = {isa = PBXBuildFile; fileRef = 1317B36B2FB21D96006D8416 /* ArgoSupport.swift */; };
		1317B3702FB21D97006D8416 /* ArgoClient+Auth.swift in Sources */ = {isa = PBXBuildFile; fileRef = 1317B36C2FB21D97006D8416 /* ArgoClient+Auth.swift */; };
		1317B3732FB220A7006D8416 /* LoginView.swift in Sources */ = {isa = PBXBuildFile; fileRef = 1317B3722FB220A7006D8416 /* LoginView.swift */; };
		1317B3752FB22151006D8416 /* DashboardView.swift in Sources */ = {isa = PBXBuildFile; fileRef = 1317B3742FB22150006D8416 /* DashboardView.swift */; };
		1317B3772FB22162006D8416 /* ProfileView.swift in Sources */ = {isa = PBXBuildFile; fileRef = 1317B3762FB22162006D8416 /* ProfileView.swift */; };
		1317B3792FB2217C006D8416 /* RegistroView.swift in Sources */ = {isa = PBXBuildFile; fileRef = 1317B3782FB2217C006D8416 /* RegistroView.swift */; };
		1317B37B2FB222AE006D8416 /* VotiView.swift in Sources */ = {isa = PBXBuildFile; fileRef = 1317B37A2FB222AD006D8416 /* VotiView.swift */; };
		1384B3742FB4AF7000C8B575 /* BachecaView.swift in Sources */ = {isa = PBXBuildFile; fileRef = 1384B3732FB4AF7000C8B575 /* BachecaView.swift */; };
		1384B3772FB4AFBE00C8B575 /* CommunicationCard.swift in Sources */ = {isa = PBXBuildFile; fileRef = 1384B3762FB4AFBE00C8B575 /* CommunicationCard.swift */; };
		1384B3792FB4B00500C8B575 /* StatCard.swift in Sources */ = {isa = PBXBuildFile; fileRef = 1384B3782FB4B00500C8B575 /* StatCard.swift */; };
		1384B37B2FB76D4100C8B575 /* AtlasDate.swift in Sources */ = {isa = PBXBuildFile; fileRef = 1384B37A2FB76D4100C8B575 /* AtlasDate.swift */; };
/* End PBXBuildFile section */

/* Begin PBXFileReference section */
		1317B3502FB2188C006D8416 /* Atlas.app */ = {isa = PBXFileReference; explicitFileType = wrapper.application; includeInIndex = 0; path = Atlas.app; sourceTree = BUILT_PRODUCTS_DIR; };
		1317B3532FB2188C006D8416 /* AtlasApp.swift */ = {isa = PBXFileReference; lastKnownFileType = sourcecode.swift; path = AtlasApp.swift; sourceTree = "<group>"; };
		1317B3552FB2188C006D8416 /* ContentView.swift */ = {isa = PBXFileReference; lastKnownFileType = sourcecode.swift; path = ContentView.swift; sourceTree = "<group>"; };
		1317B3572FB21895006D8416 /* Assets.xcassets */ = {isa = PBXFileReference; lastKnownFileType = folder.assetcatalog; path = Assets.xcassets; sourceTree = "<group>"; };
		1317B35A2FB21895006D8416 /* Preview Assets.xcassets */ = {isa = PBXFileReference; lastKnownFileType = folder.assetcatalog; path = "Preview Assets.xcassets"; sourceTree = "<group>"; };
		1317B3622FB218A9006D8416 /* LiquidGlassBackground.swift */ = {isa = PBXFileReference; fileEncoding = 4; lastKnownFileType = sourcecode.swift; path = LiquidGlassBackground.swift; sourceTree = "<group>"; };
		1317B3652FB218CC006D8416 /* ArgoClient.swift */ = {isa = PBXFileReference; fileEncoding = 4; lastKnownFileType = sourcecode.swift; path = ArgoClient.swift; sourceTree = "<group>"; };
		1317B3662FB218CC006D8416 /* Models.swift */ = {isa = PBXFileReference; fileEncoding = 4; lastKnownFileType = sourcecode.swift; path = Models.swift; sourceTree = "<group>"; };
		1317B3692FB21D95006D8416 /* ArgoClient+Persistence.swift */ = {isa = PBXFileReference; fileEncoding = 4; lastKnownFileType = sourcecode.swift; path = "ArgoClient+Persistence.swift"; sourceTree = "<group>"; };
		1317B36A2FB21D96006D8416 /* ArgoClient+Network.swift */ = {isa = PBXFileReference; fileEncoding = 4; lastKnownFileType = sourcecode.swift; path = "ArgoClient+Network.swift"; sourceTree = "<group>"; };
		1317B36B2FB21D96006D8416 /* ArgoSupport.swift */ = {isa = PBXFileReference; fileEncoding = 4; lastKnownFileType = sourcecode.swift; path = ArgoSupport.swift; sourceTree = "<group>"; };
		1317B36C2FB21D97006D8416 /* ArgoClient+Auth.swift */ = {isa = PBXFileReference; fileEncoding = 4; lastKnownFileType = sourcecode.swift; path = "ArgoClient+Auth.swift"; sourceTree = "<group>"; };
		1317B3722FB220A7006D8416 /* LoginView.swift */ = {isa = PBXFileReference; fileEncoding = 4; lastKnownFileType = sourcecode.swift; path = LoginView.swift; sourceTree = "<group>"; };
		1317B3742FB22150006D8416 /* DashboardView.swift */ = {isa = PBXFileReference; fileEncoding = 4; lastKnownFileType = sourcecode.swift; path = DashboardView.swift; sourceTree = "<group>"; };
		1317B3762FB22162006D8416 /* ProfileView.swift */ = {isa = PBXFileReference; fileEncoding = 4; lastKnownFileType = sourcecode.swift; path = ProfileView.swift; sourceTree = "<group>"; };
		1317B3782FB2217C006D8416 /* RegistroView.swift */ = {isa = PBXFileReference; fileEncoding = 4; lastKnownFileType = sourcecode.swift; path = RegistroView.swift; sourceTree = "<group>"; };
		1317B37A2FB222AD006D8416 /* VotiView.swift */ = {isa = PBXFileReference; fileEncoding = 4; lastKnownFileType = sourcecode.swift; path = VotiView.swift; sourceTree = "<group>"; };
		1384B3732FB4AF7000C8B575 /* BachecaView.swift */ = {isa = PBXFileReference; lastKnownFileType = sourcecode.swift; path = BachecaView.swift; sourceTree = "<group>"; };
		1384B3762FB4AFBE00C8B575 /* CommunicationCard.swift */ = {isa = PBXFileReference; lastKnownFileType = sourcecode.swift; path = CommunicationCard.swift; sourceTree = "<group>"; };
		1384B3782FB4B00500C8B575 /* StatCard.swift */ = {isa = PBXFileReference; lastKnownFileType = sourcecode.swift; path = StatCard.swift; sourceTree = "<group>"; };
		1384B37A2FB76D4100C8B575 /* AtlasDate.swift */ = {isa = PBXFileReference; fileEncoding = 4; lastKnownFileType = sourcecode.swift; path = AtlasDate.swift; sourceTree = "<group>"; };
/* End PBXFileReference section */

/* Begin PBXFrameworksBuildPhase section */
		1317B34D2FB2188C006D8416 /* Frameworks */ = {
			isa = PBXFrameworksBuildPhase;
			buildActionMask = 2147483647;
			files = (
			);
			runOnlyForDeploymentPostprocessing = 0;
		};
/* End PBXFrameworksBuildPhase section */

/* Begin PBXGroup section */
		1317B3472FB2188C006D8416 = {
			isa = PBXGroup;
			children = (
				1317B3522FB2188C006D8416 /* Atlas */,
				1317B3512FB2188C006D8416 /* Products */,
			);
			sourceTree = "<group>";
		};
		1317B3512FB2188C006D8416 /* Products */ = {
			isa = PBXGroup;
			children = (
				1317B3502FB2188C006D8416 /* Atlas.app */,
			);
			name = Products;
			sourceTree = "<group>";
		};
		1317B3522FB2188C006D8416 /* Atlas */ = {
			isa = PBXGroup;
			children = (
				1317B3712FB22089006D8416 /* Views */,
				1317B3642FB218CC006D8416 /* ArgoKit */,
				1317B3612FB218A9006D8416 /* Extensions */,
				1317B3532FB2188C006D8416 /* AtlasApp.swift */,
				1317B3552FB2188C006D8416 /* ContentView.swift */,
				1317B3572FB21895006D8416 /* Assets.xcassets */,
				1317B3592FB21895006D8416 /* Preview Content */,
			);
			path = Atlas;
			sourceTree = "<group>";
		};
		1317B3592FB21895006D8416 /* Preview Content */ = {
			isa = PBXGroup;
			children = (
				1317B35A2FB21895006D8416 /* Preview Assets.xcassets */,
			);
			path = "Preview Content";
			sourceTree = "<group>";
		};
		1317B3612FB218A9006D8416 /* Extensions */ = {
			isa = PBXGroup;
			children = (
				1384B37A2FB76D4100C8B575 /* AtlasDate.swift */,
				1317B3622FB218A9006D8416 /* LiquidGlassBackground.swift */,
			);
			path = Extensions;
			sourceTree = "<group>";
		};
		1317B3642FB218CC006D8416 /* ArgoKit */ = {
			isa = PBXGroup;
			children = (
				1317B36C2FB21D97006D8416 /* ArgoClient+Auth.swift */,
				1317B36A2FB21D96006D8416 /* ArgoClient+Network.swift */,
				1317B3692FB21D95006D8416 /* ArgoClient+Persistence.swift */,
				1317B36B2FB21D96006D8416 /* ArgoSupport.swift */,
				1317B3652FB218CC006D8416 /* ArgoClient.swift */,
				1317B3662FB218CC006D8416 /* Models.swift */,
			);
			path = ArgoKit;
			sourceTree = "<group>";
		};
		1317B3712FB22089006D8416 /* Views */ = {
			isa = PBXGroup;
			children = (
				1384B3752FB4AF9300C8B575 /* Elements */,
				1317B37A2FB222AD006D8416 /* VotiView.swift */,
				1317B3722FB220A7006D8416 /* LoginView.swift */,
				1317B3762FB22162006D8416 /* ProfileView.swift */,
				1317B3782FB2217C006D8416 /* RegistroView.swift */,
				1317B3742FB22150006D8416 /* DashboardView.swift */,
				1384B3732FB4AF7000C8B575 /* BachecaView.swift */,
			);
			path = Views;
			sourceTree = "<group>";
		};
		1384B3752FB4AF9300C8B575 /* Elements */ = {
			isa = PBXGroup;
			children = (
				1384B3762FB4AFBE00C8B575 /* CommunicationCard.swift */,
				1384B3782FB4B00500C8B575 /* StatCard.swift */,
			);
			path = Elements;
			sourceTree = "<group>";
		};
/* End PBXGroup section */

/* Begin PBXNativeTarget section */
		1317B34F2FB2188C006D8416 /* Atlas */ = {
			isa = PBXNativeTarget;
			buildConfigurationList = 1317B35E2FB21895006D8416 /* Build configuration list for PBXNativeTarget "Atlas" */;
			buildPhases = (
				1317B34C2FB2188C006D8416 /* Sources */,
				1317B34D2FB2188C006D8416 /* Frameworks */,
				1317B34E2FB2188C006D8416 /* Resources */,
			);
			buildRules = (
			);
			dependencies = (
			);
			name = Atlas;
			productName = Atlas;
			productReference = 1317B3502FB2188C006D8416 /* Atlas.app */;
			productType = "com.apple.product-type.application";
		};
/* End PBXNativeTarget section */

/* Begin PBXProject section */
		1317B3482FB2188C006D8416 /* Project object */ = {
			isa = PBXProject;
			attributes = {
				BuildIndependentTargetsInParallel = 1;
				LastSwiftUpdateCheck = 1520;
				LastUpgradeCheck = 1520;
				TargetAttributes = {
					1317B34F2FB2188C006D8416 = {
						CreatedOnToolsVersion = 15.2;
					};
				};
			};
			buildConfigurationList = 1317B34B2FB2188C006D8416 /* Build configuration list for PBXProject "Atlas" */;
			compatibilityVersion = "Xcode 14.0";
			developmentRegion = en;
			hasScannedForEncodings = 0;
			knownRegions = (
				en,
				Base,
			);
			mainGroup = 1317B3472FB2188C006D8416;
			productRefGroup = 1317B3512FB2188C006D8416 /* Products */;
			projectDirPath = "";
			projectRoot = "";
			targets = (
				1317B34F2FB2188C006D8416 /* Atlas */,
			);
		};
/* End PBXProject section */

/* Begin PBXResourcesBuildPhase section */
		1317B34E2FB2188C006D8416 /* Resources */ = {
			isa = PBXResourcesBuildPhase;
			buildActionMask = 2147483647;
			files = (
				1317B35B2FB21895006D8416 /* Preview Assets.xcassets in Resources */,
				1317B3582FB21895006D8416 /* Assets.xcassets in Resources */,
			);
			runOnlyForDeploymentPostprocessing = 0;
		};
/* End PBXResourcesBuildPhase section */

/* Begin PBXSourcesBuildPhase section */
		1317B34C2FB2188C006D8416 /* Sources */ = {
			isa = PBXSourcesBuildPhase;
			buildActionMask = 2147483647;
			files = (
				1317B3562FB2188C006D8416 /* ContentView.swift in Sources */,
				1384B3792FB4B00500C8B575 /* StatCard.swift in Sources */,
				1317B36D2FB21D97006D8416 /* ArgoClient+Persistence.swift in Sources */,
				1384B3772FB4AFBE00C8B575 /* CommunicationCard.swift in Sources */,
				1317B36F2FB21D97006D8416 /* ArgoSupport.swift in Sources */,
				1317B3792FB2217C006D8416 /* RegistroView.swift in Sources */,
				1384B3742FB4AF7000C8B575 /* BachecaView.swift in Sources */,
				1317B3632FB218A9006D8416 /* LiquidGlassBackground.swift in Sources */,
				1317B3772FB22162006D8416 /* ProfileView.swift in Sources */,
				1317B3542FB2188C006D8416 /* AtlasApp.swift in Sources */,
				1317B3752FB22151006D8416 /* DashboardView.swift in Sources */,
				1384B37B2FB76D4100C8B575 /* AtlasDate.swift in Sources */,
				1317B3702FB21D97006D8416 /* ArgoClient+Auth.swift in Sources */,
				1317B36E2FB21D97006D8416 /* ArgoClient+Network.swift in Sources */,
				1317B3672FB218CC006D8416 /* ArgoClient.swift in Sources */,
				1317B3732FB220A7006D8416 /* LoginView.swift in Sources */,
				1317B37B2FB222AE006D8416 /* VotiView.swift in Sources */,
				1317B3682FB218CC006D8416 /* Models.swift in Sources */,
			);
			runOnlyForDeploymentPostprocessing = 0;
		};
/* End PBXSourcesBuildPhase section */

/* Begin XCBuildConfiguration section */
		1317B35C2FB21895006D8416 /* Debug */ = {
			isa = XCBuildConfiguration;
			buildSettings = {
				ALWAYS_SEARCH_USER_PATHS = NO;
				ASSETCATALOG_COMPILER_GENERATE_SWIFT_ASSET_SYMBOL_EXTENSIONS = YES;
				CLANG_ANALYZER_NONNULL = YES;
				CLANG_ANALYZER_NUMBER_OBJECT_CONVERSION = YES_AGGRESSIVE;
				CLANG_CXX_LANGUAGE_STANDARD = "gnu++20";
				CLANG_ENABLE_MODULES = YES;
				CLANG_ENABLE_OBJC_ARC = YES;
				CLANG_ENABLE_OBJC_WEAK = YES;
				CLANG_WARN_BLOCK_CAPTURE_AUTORELEASING = YES;
				CLANG_WARN_BOOL_CONVERSION = YES;
				CLANG_WARN_COMMA = YES;
				CLANG_WARN_CONSTANT_CONVERSION = YES;
				CLANG_WARN_DEPRECATED_OBJC_IMPLEMENTATIONS = YES;
				CLANG_WARN_DIRECT_OBJC_ISA_USAGE = YES_ERROR;
				CLANG_WARN_DOCUMENTATION_COMMENTS = YES;
				CLANG_WARN_EMPTY_BODY = YES;
				CLANG_WARN_ENUM_CONVERSION = YES;
				CLANG_WARN_INFINITE_RECURSION = YES;
				CLANG_WARN_INT_CONVERSION = YES;
				CLANG_WARN_NON_LITERAL_NULL_CONVERSION = YES;
				CLANG_WARN_OBJC_IMPLICIT_RETAIN_SELF = YES;
				CLANG_WARN_OBJC_LITERAL_CONVERSION = YES;
				CLANG_WARN_OBJC_ROOT_CLASS = YES_ERROR;
				CLANG_WARN_QUOTED_INCLUDE_IN_FRAMEWORK_HEADER = YES;
				CLANG_WARN_RANGE_LOOP_ANALYSIS = YES;
				CLANG_WARN_STRICT_PROTOTYPES = YES;
				CLANG_WARN_SUSPICIOUS_MOVE = YES;
				CLANG_WARN_UNGUARDED_AVAILABILITY = YES_AGGRESSIVE;
				CLANG_WARN_UNREACHABLE_CODE = YES;
				CLANG_WARN__DUPLICATE_METHOD_MATCH = YES;
				COPY_PHASE_STRIP = NO;
				DEBUG_INFORMATION_FORMAT = dwarf;
				ENABLE_STRICT_OBJC_MSGSEND = YES;
				ENABLE_TESTABILITY = YES;
				ENABLE_USER_SCRIPT_SANDBOXING = YES;
				GCC_C_LANGUAGE_STANDARD = gnu17;
				GCC_DYNAMIC_NO_PIC = NO;
				GCC_NO_COMMON_BLOCKS = YES;
				GCC_OPTIMIZATION_LEVEL = 0;
				GCC_PREPROCESSOR_DEFINITIONS = (
					"DEBUG=1",
					"$(inherited)",
				);
				GCC_WARN_64_TO_32_BIT_CONVERSION = YES;
				GCC_WARN_ABOUT_RETURN_TYPE = YES_ERROR;
				GCC_WARN_UNDECLARED_SELECTOR = YES;
				GCC_WARN_UNINITIALIZED_AUTOS = YES_AGGRESSIVE;
				GCC_WARN_UNUSED_FUNCTION = YES;
				GCC_WARN_UNUSED_VARIABLE = YES;
				IPHONEOS_DEPLOYMENT_TARGET = 17.0;
				LOCALIZATION_PREFERS_STRING_CATALOGS = YES;
				MTL_ENABLE_DEBUG_INFO = INCLUDE_SOURCE;
				MTL_FAST_MATH = YES;
				ONLY_ACTIVE_ARCH = YES;
				SDKROOT = iphoneos;
				SWIFT_ACTIVE_COMPILATION_CONDITIONS = "DEBUG $(inherited)";
				SWIFT_OPTIMIZATION_LEVEL = "-Onone";
			};
			name = Debug;
		};
		1317B35D2FB21895006D8416 /* Release */ = {
			isa = XCBuildConfiguration;
			buildSettings = {
				ALWAYS_SEARCH_USER_PATHS = NO;
				ASSETCATALOG_COMPILER_GENERATE_SWIFT_ASSET_SYMBOL_EXTENSIONS = YES;
				CLANG_ANALYZER_NONNULL = YES;
				CLANG_ANALYZER_NUMBER_OBJECT_CONVERSION = YES_AGGRESSIVE;
				CLANG_CXX_LANGUAGE_STANDARD = "gnu++20";
				CLANG_ENABLE_MODULES = YES;
				CLANG_ENABLE_OBJC_ARC = YES;
				CLANG_ENABLE_OBJC_WEAK = YES;
				CLANG_WARN_BLOCK_CAPTURE_AUTORELEASING = YES;
				CLANG_WARN_BOOL_CONVERSION = YES;
				CLANG_WARN_COMMA = YES;
				CLANG_WARN_CONSTANT_CONVERSION = YES;
				CLANG_WARN_DEPRECATED_OBJC_IMPLEMENTATIONS = YES;
				CLANG_WARN_DIRECT_OBJC_ISA_USAGE = YES_ERROR;
				CLANG_WARN_DOCUMENTATION_COMMENTS = YES;
				CLANG_WARN_EMPTY_BODY = YES;
				CLANG_WARN_ENUM_CONVERSION = YES;
				CLANG_WARN_INFINITE_RECURSION = YES;
				CLANG_WARN_INT_CONVERSION = YES;
				CLANG_WARN_NON_LITERAL_NULL_CONVERSION = YES;
				CLANG_WARN_OBJC_IMPLICIT_RETAIN_SELF = YES;
				CLANG_WARN_OBJC_LITERAL_CONVERSION = YES;
				CLANG_WARN_OBJC_ROOT_CLASS = YES_ERROR;
				CLANG_WARN_QUOTED_INCLUDE_IN_FRAMEWORK_HEADER = YES;
				CLANG_WARN_RANGE_LOOP_ANALYSIS = YES;
				CLANG_WARN_STRICT_PROTOTYPES = YES;
				CLANG_WARN_SUSPICIOUS_MOVE = YES;
				CLANG_WARN_UNGUARDED_AVAILABILITY = YES_AGGRESSIVE;
				CLANG_WARN_UNREACHABLE_CODE = YES;
				CLANG_WARN__DUPLICATE_METHOD_MATCH = YES;
				COPY_PHASE_STRIP = NO;
				DEBUG_INFORMATION_FORMAT = "dwarf-with-dsym";
				ENABLE_NS_ASSERTIONS = NO;
				ENABLE_STRICT_OBJC_MSGSEND = YES;
				ENABLE_USER_SCRIPT_SANDBOXING = YES;
				GCC_C_LANGUAGE_STANDARD = gnu17;
				GCC_NO_COMMON_BLOCKS = YES;
				GCC_WARN_64_TO_32_BIT_CONVERSION = YES;
				GCC_WARN_ABOUT_RETURN_TYPE = YES_ERROR;
				GCC_WARN_UNDECLARED_SELECTOR = YES;
				GCC_WARN_UNINITIALIZED_AUTOS = YES_AGGRESSIVE;
				GCC_WARN_UNUSED_FUNCTION = YES;
				GCC_WARN_UNUSED_VARIABLE = YES;
				IPHONEOS_DEPLOYMENT_TARGET = 17.0;
				LOCALIZATION_PREFERS_STRING_CATALOGS = YES;
				MTL_ENABLE_DEBUG_INFO = NO;
				MTL_FAST_MATH = YES;
				SDKROOT = iphoneos;
				SWIFT_COMPILATION_MODE = wholemodule;
				VALIDATE_PRODUCT = YES;
			};
			name = Release;
		};
		1317B35F2FB21895006D8416 /* Debug */ = {
			isa = XCBuildConfiguration;
			buildSettings = {
				ASSETCATALOG_COMPILER_APPICON_NAME = AppIcon;
				ASSETCATALOG_COMPILER_GLOBAL_ACCENT_COLOR_NAME = AccentColor;
				CODE_SIGN_STYLE = Automatic;
				CURRENT_PROJECT_VERSION = 1;
				DEVELOPMENT_ASSET_PATHS = "\"Atlas/Preview Content\"";
				DEVELOPMENT_TEAM = USF65A4WGS;
				ENABLE_PREVIEWS = YES;
				GENERATE_INFOPLIST_FILE = YES;
				INFOPLIST_KEY_LSApplicationCategoryType = "public.app-category.education";
				INFOPLIST_KEY_UIApplicationSceneManifest_Generation = YES;
				INFOPLIST_KEY_UIApplicationSupportsIndirectInputEvents = YES;
				INFOPLIST_KEY_UILaunchScreen_Generation = YES;
				INFOPLIST_KEY_UISupportedInterfaceOrientations = UIInterfaceOrientationPortrait;
				INFOPLIST_KEY_UISupportedInterfaceOrientations_iPad = "UIInterfaceOrientationPortrait UIInterfaceOrientationPortraitUpsideDown";
				IPHONEOS_DEPLOYMENT_TARGET = 17.0;
				LD_RUNPATH_SEARCH_PATHS = (
					"$(inherited)",
					"@executable_path/Frameworks",
				);
				MARKETING_VERSION = 1.0.0;
				PRODUCT_BUNDLE_IDENTIFIER = me.cranci.Atlas;
				PRODUCT_NAME = "$(TARGET_NAME)";
				SWIFT_EMIT_LOC_STRINGS = YES;
				SWIFT_VERSION = 5.0;
				TARGETED_DEVICE_FAMILY = "1,2";
			};
			name = Debug;
		};
		1317B3602FB21895006D8416 /* Release */ = {
			isa = XCBuildConfiguration;
			buildSettings = {
				ASSETCATALOG_COMPILER_APPICON_NAME = AppIcon;
				ASSETCATALOG_COMPILER_GLOBAL_ACCENT_COLOR_NAME = AccentColor;
				CODE_SIGN_STYLE = Automatic;
				CURRENT_PROJECT_VERSION = 1;
				DEVELOPMENT_ASSET_PATHS = "\"Atlas/Preview Content\"";
				DEVELOPMENT_TEAM = USF65A4WGS;
				ENABLE_PREVIEWS = YES;
				GENERATE_INFOPLIST_FILE = YES;
				INFOPLIST_KEY_LSApplicationCategoryType = "public.app-category.education";
				INFOPLIST_KEY_UIApplicationSceneManifest_Generation = YES;
				INFOPLIST_KEY_UIApplicationSupportsIndirectInputEvents = YES;
				INFOPLIST_KEY_UILaunchScreen_Generation = YES;
				INFOPLIST_KEY_UISupportedInterfaceOrientations = UIInterfaceOrientationPortrait;
				INFOPLIST_KEY_UISupportedInterfaceOrientations_iPad = "UIInterfaceOrientationPortrait UIInterfaceOrientationPortraitUpsideDown";
				IPHONEOS_DEPLOYMENT_TARGET = 17.0;
				LD_RUNPATH_SEARCH_PATHS = (
					"$(inherited)",
					"@executable_path/Frameworks",
				);
				MARKETING_VERSION = 1.0.0;
				PRODUCT_BUNDLE_IDENTIFIER = me.cranci.Atlas;
				PRODUCT_NAME = "$(TARGET_NAME)";
				SWIFT_EMIT_LOC_STRINGS = YES;
				SWIFT_VERSION = 5.0;
				TARGETED_DEVICE_FAMILY = "1,2";
			};
			name = Release;
		};
/* End XCBuildConfiguration section */

/* Begin XCConfigurationList section */
		1317B34B2FB2188C006D8416 /* Build configuration list for PBXProject "Atlas" */ = {
			isa = XCConfigurationList;
			buildConfigurations = (
				1317B35C2FB21895006D8416 /* Debug */,
				1317B35D2FB21895006D8416 /* Release */,
			);
			defaultConfigurationIsVisible = 0;
			defaultConfigurationName = Release;
		};
		1317B35E2FB21895006D8416 /* Build configuration list for PBXNativeTarget "Atlas" */ = {
			isa = XCConfigurationList;
			buildConfigurations = (
				1317B35F2FB21895006D8416 /* Debug */,
				1317B3602FB21895006D8416 /* Release */,
			);
			defaultConfigurationIsVisible = 0;
			defaultConfigurationName = Release;
		};
/* End XCConfigurationList section */
	};
	rootObject = 1317B3482FB2188C006D8416 /* Project object */;
}
